
Microsoft Visual Studio Solution File, Format Version 12.00
# Visual Studio Version 17
VisualStudioVersion = 17.0.31903.59
MinimumVisualStudioVersion = 10.0.40219.1
Project("{2150E333-8FDC-42A3-9474-1A3956D46DE8}") = "src", "src", "{827E0CD3-B72D-47B6-A68D-7590B98EB39B}"
EndProject
Project("{FAE04EC0-301F-11D3-BF4B-00C04F79EFBC}") = "AgentBatchRunner", "src\AgentBatchRunner\AgentBatchRunner.csproj", "{C973EF2E-D571-4439-AE02-94F0257758C8}"
EndProject
Project("{2150E333-8FDC-42A3-9474-1A3956D46DE8}") = "tests", "tests", "{0AB3BF05-4346-4AA6-1389-037BE0695223}"
EndProject
Project("{FAE04EC0-301F-11D3-BF4B-00C04F79EFBC}") = "AgentBatchRunner.Tests", "tests\AgentBatchRunner.Tests\AgentBatchRunner.Tests.csproj", "{D3412C9E-5E51-4FE1-8AD3-065756D7A31B}"
EndProject
Project("{FAE04EC0-301F-11D3-BF4B-00C04F79EFBC}") = "AgentBatchRunner.Core", "src\AgentBatchRunner.Core\AgentBatchRunner.Core.csproj", "{A0CE01A3-8745-44B3-A777-DB570295575D}"
EndProject
Project("{FAE04EC0-301F-11D3-BF4B-00C04F79EFBC}") = "AgentBatchRunner.Gui", "src\AgentBatchRunner.Gui\AgentBatchRunner.Gui.csproj", "{30D03999-891A-4600-9C16-68D0978889D0}"
EndProject
Global
	GlobalSection(SolutionConfigurationPlatforms) = preSolution
		Debug|Any CPU = Debug|Any CPU
		Debug|x64 = Debug|x64
		Debug|x86 = Debug|x86
		Release|Any CPU = Release|Any CPU
		Release|x64 = Release|x64
		Release|x86 = Release|x86
	EndGlobalSection
	GlobalSection(ProjectConfigurationPlatforms) = postSolution
		{C973EF2E-D571-4439-AE02-94F0257758C8}.Debug|Any CPU.ActiveCfg = Debug|Any CPU
		{C973EF2E-D571-4439-AE02-94F0257758C8}.Debug|Any CPU.Build.0 = Debug|Any CPU
		{C973EF2E-D571-4439-AE02-94F0257758C8}.Debug|x64.ActiveCfg = Debug|Any CPU
		{C973EF2E-D571-4439-AE02-94F0257758C8}.Debug|x64.Build.0 = Debug|Any CPU
		{C973EF2E-D571-4439-AE02-94F0257758C8}.Debug|x86.ActiveCfg = Debug|Any CPU
		{C973EF2E-D571-4439-AE02-94F0257758C8}.Debug|x86.Build.0 = Debug|Any CPU
		{C973EF2E-D571-4439-AE02-94F0257758C8}.Release|Any CPU.ActiveCfg = Release|Any CPU
		{C973EF2E-D571-4439-AE02-94F0257758C8}.Release|Any CPU.Build.0 = Release|Any CPU
		{C973EF2E-D571-4439-AE02-94F0257758C8}.Release|x64.ActiveCfg = Release|Any CPU
		{C973EF2E-D571-4439-AE02-94F0257758C8}.Release|x64.Build.0 = Release|Any CPU
		{C973EF2E-D571-4439-AE02-94F0257758C8}.Release|x86.ActiveCfg = Release|Any CPU
		{C973EF2E-D571-4439-AE02-94F0257758C8}.Release|x86.Build.0 = Release|Any CPU
		{D3412C9E-5E51-4FE1-8AD3-065756D7A31B}.Debug|Any CPU.ActiveCfg = Debug|Any CPU
		{D3412C9E-5E51-4FE1-8AD3-065756D7A31B}.Debug|Any CPU.Build.0 = Debug|Any CPU
		{D3412C9E-5E51-4FE1-8AD3-065756D7A31B}.Debug|x64.ActiveCfg = Debug|Any CPU
		{D3412C9E-5E51-4FE1-8AD3-065756D7A31B}.Debug|x64.Build.0 = Debug|Any CPU
		{D3412C9E-5E51-4FE1-8AD3-065756D7A31B}.Debug|x86.ActiveCfg = Debug|Any CPU
		{D3412C9E-5E51-4FE1-8AD3-065756D7A31B}.Debug|x86.Build.0 = Debug|Any CPU
		{D3412C9E-5E51-4FE1-8AD3-065756D7A31B}.Release|Any CPU.ActiveCfg = Release|Any CPU
		{D3412C9E-5E51-4FE1-8AD3-065756D7A31B}.Release|Any CPU.Build.0 = Release|Any CPU
		{D3412C9E-5E51-4FE1-8AD3-065756D7A31B}.Release|x64.ActiveCfg = Release|Any CPU
		{D3412C9E-5E51-4FE1-8AD3-065756D7A31B}.Release|x64.Build.0 = Release|Any CPU
		{D3412C9E-5E51-4FE1-8AD3-065756D7A31B}.Release|x86.ActiveCfg = Release|Any CPU
		{D3412C9E-5E51-4FE1-8AD3-065756D7A31B}.Release|x86.Build.0 = Release|Any CPU
		{A0CE01A3-8745-44B3-A777-DB570295575D}.Debug|Any CPU.ActiveCfg = Debug|Any CPU
		{A0CE01A3-8745-44B3-A777-DB570295575D}.Debug|Any CPU.Build.0 = Debug|Any CPU
		{A0CE01A3-8745-44B3-A777-DB570295575D}.Debug|x64.ActiveCfg = Debug|Any CPU
		{A0CE01A3-8745-44B3-A777-DB570295575D}.Debug|x64.Build.0 = Debug|Any CPU
		{A0CE01A3-8745-44B3-A777-DB570295575D}.Debug|x86.ActiveCfg = Debug|Any CPU
		{A0CE01A3-8745-44B3-A777-DB570295575D}.Debug|x86.Build.0 = Debug|Any CPU
		{A0CE01A3-8745-44B3-A777-DB570295575D}.Release|Any CPU.ActiveCfg = Release|Any CPU
		{A0CE01A3-8745-44B3-A777-DB570295575D}.Release|Any CPU.Build.0 = Release|Any CPU
		{A0CE01A3-8745-44B3-A777-DB570295575D}.Release|x64.ActiveCfg = Release|Any CPU
		{A0CE01A3-8745-44B3-A777-DB570295575D}.Release|x64.Build.0 = Release|Any CPU
		{A0CE01A3-8745-44B3-A777-DB570295575D}.Release|x86.ActiveCfg = Release|Any CPU
		{A0CE01A3-8745-44B3-A777-DB570295575D}.Release|x86.Build.0 = Release|Any CPU
		{30D03999-891A-4600-9C16-68D0978889D0}.Debug|Any CPU.ActiveCfg = Debug|Any CPU
		{30D03999-891A-4600-9C16-68D0978889D0}.Debug|Any CPU.Build.0 = Debug|Any CPU
		{30D03999-891A-4600-9C16-68D0978889D0}.Debug|x64.ActiveCfg = Debug|Any CPU
		{30D03999-891A-4600-9C16-68D0978889D0}.Debug|x64.Build.0 = Debug|Any CPU
		{30D03999-891A-4600-9C16-68D0978889D0}.Debug|x86.ActiveCfg = Debug|Any CPU
		{30D03999-891A-4600-9C16-68D0978889D0}.Debug|x86.Build.0 = Debug|Any CPU
		{30D03999-891A-4600-9C16-68D0978889D0}.Release|Any CPU.ActiveCfg = Release|Any CPU
		{30D03999-891A-4600-9C16-68D0978889D0}.Release|Any CPU.Build.0 = Release|Any CPU
		{30D03999-891A-4600-9C16-68D0978889D0}.Release|x64.ActiveCfg = Release|Any CPU
		{30D03999-891A-4600-9C16-68D0978889D0}.Release|x64.Build.0 = Release|Any CPU
		{30D03999-891A-4600-9C16-68D0978889D0}.Release|x86.ActiveCfg = Release|Any CPU
		{30D03999-891A-4600-9C16-68D0978889D0}.Release|x86.Build.0 = Release|Any CPU
	EndGlobalSection
	GlobalSection(SolutionProperties) = preSolution
		HideSolutionNode = FALSE
	EndGlobalSection
	GlobalSection(NestedProjects) = preSolution
		{C973EF2E-D571-4439-AE02-94F0257758C8} = {827E0CD3-B72D-47B6-A68D-7590B98EB39B}
		{D3412C9E-5E51-4FE1-8AD3-065756D7A31B} = {0AB3BF05-4346-4AA6-1389-037BE0695223}
		{A0CE01A3-8745-44B3-A777-DB570295575D} = {827E0CD3-B72D-47B6-A68D-7590B98EB39B}
		{30D03999-891A-4600-9C16-68D0978889D0} = {827E0CD3-B72D-47B6-A68D-7590B98EB39B}
	EndGlobalSection
EndGlobal
